// !$*UTF8*$!
{
	archiveVersion = 1;
	classes = {
	};
	objectVersion = 46;
	objects = {

/* Begin PBXBuildFile section */
		263908C519961B1F0051AC6C /* Foundation.framework in Frameworks */ = {isa = PBXBuildFile; fileRef = 263908C419961B1F0051AC6C /* Foundation.framework */; };
		263908C719961B1F0051AC6C /* CoreGraphics.framework in Frameworks */ = {isa = PBXBuildFile; fileRef = 263908C619961B1F0051AC6C /* CoreGraphics.framework */; };
		263908C919961B1F0051AC6C /* UIKit.framework in Frameworks */ = {isa = PBXBuildFile; fileRef = 263908C819961B1F0051AC6C /* UIKit.framework */; };
		263908CF19961B1F0051AC6C /* InfoPlist.strings in Resources */ = {isa = PBXBuildFile; fileRef = 263908CD19961B1F0051AC6C /* InfoPlist.strings */; };
		263908D119961B1F0051AC6C /* main.m in Sources */ = {isa = PBXBuildFile; fileRef = 263908D019961B1F0051AC6C /* main.m */; };
		263908D519961B1F0051AC6C /* AppDelegate.m in Sources */ = {isa = PBXBuildFile; fileRef = 263908D419961B1F0051AC6C /* AppDelegate.m */; };
		263908D719961B1F0051AC6C /* Images.xcassets in Resources */ = {isa = PBXBuildFile; fileRef = 263908D619961B1F0051AC6C /* Images.xcassets */; };
		263908DE19961B1F0051AC6C /* XCTest.framework in Frameworks */ = {isa = PBXBuildFile; fileRef = 263908DD19961B1F0051AC6C /* XCTest.framework */; };
		263908DF19961B1F0051AC6C /* Foundation.framework in Frameworks */ = {isa = PBXBuildFile; fileRef = 263908C419961B1F0051AC6C /* Foundation.framework */; };
		263908E019961B1F0051AC6C /* UIKit.framework in Frameworks */ = {isa = PBXBuildFile; fileRef = 263908C819961B1F0051AC6C /* UIKit.framework */; };
		263908E819961B1F0051AC6C /* InfoPlist.strings in Resources */ = {isa = PBXBuildFile; fileRef = 263908E619961B1F0051AC6C /* InfoPlist.strings */; };
		263908EA19961B1F0051AC6C /* makeCollageTests.m in Sources */ = {isa = PBXBuildFile; fileRef = 263908E919961B1F0051AC6C /* makeCollageTests.m */; };
		263908F619961C530051AC6C /* SearchViewController.m in Sources */ = {isa = PBXBuildFile; fileRef = 263908F419961C530051AC6C /* SearchViewController.m */; };
		263908F719961C530051AC6C /* SearchViewController.xib in Resources */ = {isa = PBXBuildFile; fileRef = 263908F519961C530051AC6C /* SearchViewController.xib */; };
		2639093B19965D910051AC6C /* CollectionViewController.m in Sources */ = {isa = PBXBuildFile; fileRef = 2639093919965D910051AC6C /* CollectionViewController.m */; };
		2639093C19965D910051AC6C /* CollectionViewController.xib in Resources */ = {isa = PBXBuildFile; fileRef = 2639093A19965D910051AC6C /* CollectionViewController.xib */; };
		26390944199664980051AC6C /* CollectionCell.m in Sources */ = {isa = PBXBuildFile; fileRef = 26390943199664980051AC6C /* CollectionCell.m */; };
		26390946199664AC0051AC6C /* CollectionCell.xib in Resources */ = {isa = PBXBuildFile; fileRef = 26390945199664AC0051AC6C /* CollectionCell.xib */; };
/* End PBXBuildFile section */

/* Begin PBXContainerItemProxy section */
		263908E119961B1F0051AC6C /* PBXContainerItemProxy */ = {
			isa = PBXContainerItemProxy;
			containerPortal = 263908B919961B1F0051AC6C /* Project object */;
			proxyType = 1;
			remoteGlobalIDString = 263908C019961B1F0051AC6C;
			remoteInfo = makeCollage;
		};
/* End PBXContainerItemProxy section */

/* Begin PBXFileReference section */
		263908C119961B1F0051AC6C /* makeCollage.app */ = {isa = PBXFileReference; explicitFileType = wrapper.application; includeInIndex = 0; path = makeCollage.app; sourceTree = BUILT_PRODUCTS_DIR; };
		263908C419961B1F0051AC6C /* Foundation.framework */ = {isa = PBXFileReference; lastKnownFileType = wrapper.framework; name = Foundation.framework; path = System/Library/Frameworks/Foundation.framework; sourceTree = SDKROOT; };
		263908C619961B1F0051AC6C /* CoreGraphics.framework */ = {isa = PBXFileReference; lastKnownFileType = wrapper.framework; name = CoreGraphics.framework; path = System/Library/Frameworks/CoreGraphics.framework; sourceTree = SDKROOT; };
		263908C819961B1F0051AC6C /* UIKit.framework */ = {isa = PBXFileReference; lastKnownFileType = wrapper.framework; name = UIKit.framework; path = System/Library/Frameworks/UIKit.framework; sourceTree = SDKROOT; };
		263908CC19961B1F0051AC6C /* makeCollage-Info.plist */ = {isa = PBXFileReference; lastKnownFileType = text.plist.xml; path = "makeCollage-Info.plist"; sourceTree = "<group>"; };
		263908CE19961B1F0051AC6C /* en */ = {isa = PBXFileReference; lastKnownFileType = text.plist.strings; name = en; path = en.lproj/InfoPlist.strings; sourceTree = "<group>"; };
		263908D019961B1F0051AC6C /* main.m */ = {isa = PBXFileReference; lastKnownFileType = sourcecode.c.objc; path = main.m; sourceTree = "<group>"; };
		263908D219961B1F0051AC6C /* makeCollage-Prefix.pch */ = {isa = PBXFileReference; lastKnownFileType = sourcecode.c.h; path = "makeCollage-Prefix.pch"; sourceTree = "<group>"; };
		263908D319961B1F0051AC6C /* AppDelegate.h */ = {isa = PBXFileReference; lastKnownFileType = sourcecode.c.h; path = AppDelegate.h; sourceTree = "<group>"; };
		263908D419961B1F0051AC6C /* AppDelegate.m */ = {isa = PBXFileReference; lastKnownFileType = sourcecode.c.objc; path = AppDelegate.m; sourceTree = "<group>"; };
		263908D619961B1F0051AC6C /* Images.xcassets */ = {isa = PBXFileReference; lastKnownFileType = folder.assetcatalog; path = Images.xcassets; sourceTree = "<group>"; };
		263908DC19961B1F0051AC6C /* makeCollageTests.xctest */ = {isa = PBXFileReference; explicitFileType = wrapper.cfbundle; includeInIndex = 0; path = makeCollageTests.xctest; sourceTree = BUILT_PRODUCTS_DIR; };
		263908DD19961B1F0051AC6C /* XCTest.framework */ = {isa = PBXFileReference; lastKnownFileType = wrapper.framework; name = XCTest.framework; path = Library/Frameworks/XCTest.framework; sourceTree = DEVELOPER_DIR; };
		263908E519961B1F0051AC6C /* makeCollageTests-Info.plist */ = {isa = PBXFileReference; lastKnownFileType = text.plist.xml; path = "makeCollageTests-Info.plist"; sourceTree = "<group>"; };
		263908E719961B1F0051AC6C /* en */ = {isa = PBXFileReference; lastKnownFileType = text.plist.strings; name = en; path = en.lproj/InfoPlist.strings; sourceTree = "<group>"; };
		263908E919961B1F0051AC6C /* makeCollageTests.m */ = {isa = PBXFileReference; lastKnownFileType = sourcecode.c.objc; path = makeCollageTests.m; sourceTree = "<group>"; };
		263908F319961C530051AC6C /* SearchViewController.h */ = {isa = PBXFileReference; fileEncoding = 4; lastKnownFileType = sourcecode.c.h; name = SearchViewController.h; path = ../SearchViewController.h; sourceTree = "<group>"; };
		263908F419961C530051AC6C /* SearchViewController.m */ = {isa = PBXFileReference; fileEncoding = 4; lastKnownFileType = sourcecode.c.objc; name = SearchViewController.m; path = ../SearchViewController.m; sourceTree = "<group>"; };
		263908F519961C530051AC6C /* SearchViewController.xib */ = {isa = PBXFileReference; fileEncoding = 4; lastKnownFileType = file.xib; name = SearchViewController.xib; path = ../SearchViewController.xib; sourceTree = "<group>"; };
		2639093819965D910051AC6C /* CollectionViewController.h */ = {isa = PBXFileReference; fileEncoding = 4; lastKnownFileType = sourcecode.c.h; path = CollectionViewController.h; sourceTree = "<group>"; };
		2639093919965D910051AC6C /* CollectionViewController.m */ = {isa = PBXFileReference; fileEncoding = 4; lastKnownFileType = sourcecode.c.objc; path = CollectionViewController.m; sourceTree = "<group>"; };
		2639093A19965D910051AC6C /* CollectionViewController.xib */ = {isa = PBXFileReference; fileEncoding = 4; lastKnownFileType = file.xib; path = CollectionViewController.xib; sourceTree = "<group>"; };
		26390942199664980051AC6C /* CollectionCell.h */ = {isa = PBXFileReference; fileEncoding = 4; lastKnownFileType = sourcecode.c.h; path = CollectionCell.h; sourceTree = "<group>"; };
		26390943199664980051AC6C /* CollectionCell.m */ = {isa = PBXFileReference; fileEncoding = 4; lastKnownFileType = sourcecode.c.objc; path = CollectionCell.m; sourceTree = "<group>"; };
		26390945199664AC0051AC6C /* CollectionCell.xib */ = {isa = PBXFileReference; fileEncoding = 4; lastKnownFileType = file.xib; path = CollectionCell.xib; sourceTree = "<group>"; };
/* End PBXFileReference section */

/* Begin PBXFrameworksBuildPhase section */
		263908BE19961B1F0051AC6C /* Frameworks */ = {
			isa = PBXFrameworksBuildPhase;
			buildActionMask = 2147483647;
			files = (
				263908C719961B1F0051AC6C /* CoreGraphics.framework in Frameworks */,
				263908C919961B1F0051AC6C /* UIKit.framework in Frameworks */,
				263908C519961B1F0051AC6C /* Foundation.framework in Frameworks */,
			);
			runOnlyForDeploymentPostprocessing = 0;
		};
		263908D919961B1F0051AC6C /* Frameworks */ = {
			isa = PBXFrameworksBuildPhase;
			buildActionMask = 2147483647;
			files = (
				263908DE19961B1F0051AC6C /* XCTest.framework in Frameworks */,
				263908E019961B1F0051AC6C /* UIKit.framework in Frameworks */,
				263908DF19961B1F0051AC6C /* Foundation.framework in Frameworks */,
			);
			runOnlyForDeploymentPostprocessing = 0;
		};
/* End PBXFrameworksBuildPhase section */

/* Begin PBXGroup section */
		263908B819961B1F0051AC6C = {
			isa = PBXGroup;
			children = (
				263908CA19961B1F0051AC6C /* makeCollage */,
				263908E319961B1F0051AC6C /* makeCollageTests */,
				263908C319961B1F0051AC6C /* Frameworks */,
				263908C219961B1F0051AC6C /* Products */,
			);
			sourceTree = "<group>";
		};
		263908C219961B1F0051AC6C /* Products */ = {
			isa = PBXGroup;
			children = (
				263908C119961B1F0051AC6C /* makeCollage.app */,
				263908DC19961B1F0051AC6C /* makeCollageTests.xctest */,
			);
			name = Products;
			sourceTree = "<group>";
		};
		263908C319961B1F0051AC6C /* Frameworks */ = {
			isa = PBXGroup;
			children = (
				263908C419961B1F0051AC6C /* Foundation.framework */,
				263908C619961B1F0051AC6C /* CoreGraphics.framework */,
				263908C819961B1F0051AC6C /* UIKit.framework */,
				263908DD19961B1F0051AC6C /* XCTest.framework */,
			);
			name = Frameworks;
			sourceTree = "<group>";
		};
		263908CA19961B1F0051AC6C /* makeCollage */ = {
			isa = PBXGroup;
			children = (
				263908D319961B1F0051AC6C /* AppDelegate.h */,
				263908D419961B1F0051AC6C /* AppDelegate.m */,
				263908F319961C530051AC6C /* SearchViewController.h */,
				263908F419961C530051AC6C /* SearchViewController.m */,
				263908F519961C530051AC6C /* SearchViewController.xib */,
				263908D619961B1F0051AC6C /* Images.xcassets */,
				263908CB19961B1F0051AC6C /* Supporting Files */,
				2639093819965D910051AC6C /* CollectionViewController.h */,
				2639093919965D910051AC6C /* CollectionViewController.m */,
				2639093A19965D910051AC6C /* CollectionViewController.xib */,
				26390942199664980051AC6C /* CollectionCell.h */,
				26390943199664980051AC6C /* CollectionCell.m */,
				26390945199664AC0051AC6C /* CollectionCell.xib */,
			);
			path = makeCollage;
			sourceTree = "<group>";
		};
		263908CB19961B1F0051AC6C /* Supporting Files */ = {
			isa = PBXGroup;
			children = (
				263908CC19961B1F0051AC6C /* makeCollage-Info.plist */,
				263908CD19961B1F0051AC6C /* InfoPlist.strings */,
				263908D019961B1F0051AC6C /* main.m */,
				263908D219961B1F0051AC6C /* makeCollage-Prefix.pch */,
			);
			name = "Supporting Files";
			sourceTree = "<group>";
		};
		263908E319961B1F0051AC6C /* makeCollageTests */ = {
			isa = PBXGroup;
			children = (
				263908E919961B1F0051AC6C /* makeCollageTests.m */,
				263908E419961B1F0051AC6C /* Supporting Files */,
			);
			path = makeCollageTests;
			sourceTree = "<group>";
		};
		263908E419961B1F0051AC6C /* Supporting Files */ = {
			isa = PBXGroup;
			children = (
				263908E519961B1F0051AC6C /* makeCollageTests-Info.plist */,
				263908E619961B1F0051AC6C /* InfoPlist.strings */,
			);
			name = "Supporting Files";
			sourceTree = "<group>";
		};
/* End PBXGroup section */

/* Begin PBXNativeTarget section */
		263908C019961B1F0051AC6C /* makeCollage */ = {
			isa = PBXNativeTarget;
			buildConfigurationList = 263908ED19961B1F0051AC6C /* Build configuration list for PBXNativeTarget "makeCollage" */;
			buildPhases = (
				263908BD19961B1F0051AC6C /* Sources */,
				263908BE19961B1F0051AC6C /* Frameworks */,
				263908BF19961B1F0051AC6C /* Resources */,
			);
			buildRules = (
			);
			dependencies = (
			);
			name = makeCollage;
			productName = makeCollage;
			productReference = 263908C119961B1F0051AC6C /* makeCollage.app */;
			productType = "com.apple.product-type.application";
		};
		263908DB19961B1F0051AC6C /* makeCollageTests */ = {
			isa = PBXNativeTarget;
			buildConfigurationList = 263908F019961B1F0051AC6C /* Build configuration list for PBXNativeTarget "makeCollageTests" */;
			buildPhases = (
				263908D819961B1F0051AC6C /* Sources */,
				263908D919961B1F0051AC6C /* Frameworks */,
				263908DA19961B1F0051AC6C /* Resources */,
			);
			buildRules = (
			);
			dependencies = (
				263908E219961B1F0051AC6C /* PBXTargetDependency */,
			);
			name = makeCollageTests;
			productName = makeCollageTests;
			productReference = 263908DC19961B1F0051AC6C /* makeCollageTests.xctest */;
			productType = "com.apple.product-type.bundle.unit-test";
		};
/* End PBXNativeTarget section */

/* Begin PBXProject section */
		263908B919961B1F0051AC6C /* Project object */ = {
			isa = PBXProject;
			attributes = {
				LastUpgradeCheck = 0510;
				ORGANIZATIONNAME = BeOriginal;
				TargetAttributes = {
					263908DB19961B1F0051AC6C = {
						TestTargetID = 263908C019961B1F0051AC6C;
					};
				};
			};
			buildConfigurationList = 263908BC19961B1F0051AC6C /* Build configuration list for PBXProject "makeCollage" */;
			compatibilityVersion = "Xcode 3.2";
			developmentRegion = English;
			hasScannedForEncodings = 0;
			knownRegions = (
				en,
			);
			mainGroup = 263908B819961B1F0051AC6C;
			productRefGroup = 263908C219961B1F0051AC6C /* Products */;
			projectDirPath = "";
			projectRoot = "";
			targets = (
				263908C019961B1F0051AC6C /* makeCollage */,
				263908DB19961B1F0051AC6C /* makeCollageTests */,
			);
		};
/* End PBXProject section */

/* Begin PBXResourcesBuildPhase section */
		263908BF19961B1F0051AC6C /* Resources */ = {
			isa = PBXResourcesBuildPhase;
			buildActionMask = 2147483647;
			files = (
				26390946199664AC0051AC6C /* CollectionCell.xib in Resources */,
				2639093C19965D910051AC6C /* CollectionViewController.xib in Resources */,
				263908CF19961B1F0051AC6C /* InfoPlist.strings in Resources */,
				263908D719961B1F0051AC6C /* Images.xcassets in Resources */,
				263908F719961C530051AC6C /* SearchViewController.xib in Resources */,
			);
			runOnlyForDeploymentPostprocessing = 0;
		};
		263908DA19961B1F0051AC6C /* Resources */ = {
			isa = PBXResourcesBuildPhase;
			buildActionMask = 2147483647;
			files = (
				263908E819961B1F0051AC6C /* InfoPlist.strings in Resources */,
			);
			runOnlyForDeploymentPostprocessing = 0;
		};
/* End PBXResourcesBuildPhase section */

/* Begin PBXSourcesBuildPhase section */
		263908BD19961B1F0051AC6C /* Sources */ = {
			isa = PBXSourcesBuildPhase;
			buildActionMask = 2147483647;
			files = (
				263908D519961B1F0051AC6C /* AppDelegate.m in Sources */,
				26390944199664980051AC6C /* CollectionCell.m in Sources */,
				263908F619961C530051AC6C /* SearchViewController.m in Sources */,
				2639093B19965D910051AC6C /* CollectionViewController.m in Sources */,
				263908D119961B1F0051AC6C /* main.m in Sources */,
			);
			runOnlyForDeploymentPostprocessing = 0;
		};
		263908D819961B1F0051AC6C /* Sources */ = {
			isa = PBXSourcesBuildPhase;
			buildActionMask = 2147483647;
			files = (
				263908EA19961B1F0051AC6C /* makeCollageTests.m in Sources */,
			);
			runOnlyForDeploymentPostprocessing = 0;
		};
/* End PBXSourcesBuildPhase section */

/* Begin PBXTargetDependency section */
		263908E219961B1F0051AC6C /* PBXTargetDependency */ = {
			isa = PBXTargetDependency;
			target = 263908C019961B1F0051AC6C /* makeCollage */;
			targetProxy = 263908E119961B1F0051AC6C /* PBXContainerItemProxy */;
		};
/* End PBXTargetDependency section */

/* Begin PBXVariantGroup section */
		263908CD19961B1F0051AC6C /* InfoPlist.strings */ = {
			isa = PBXVariantGroup;
			children = (
				263908CE19961B1F0051AC6C /* en */,
			);
			name = InfoPlist.strings;
			sourceTree = "<group>";
		};
		263908E619961B1F0051AC6C /* InfoPlist.strings */ = {
			isa = PBXVariantGroup;
			children = (
				263908E719961B1F0051AC6C /* en */,
			);
			name = InfoPlist.strings;
			sourceTree = "<group>";
		};
/* End PBXVariantGroup section */

/* Begin XCBuildConfiguration section */
		263908EB19961B1F0051AC6C /* Debug */ = {
			isa = XCBuildConfiguration;
			buildSettings = {
				ALWAYS_SEARCH_USER_PATHS = NO;
				CLANG_CXX_LANGUAGE_STANDARD = "gnu++0x";
				CLANG_CXX_LIBRARY = "libc++";
				CLANG_ENABLE_MODULES = YES;
				CLANG_ENABLE_OBJC_ARC = YES;
				CLANG_WARN_BOOL_CONVERSION = YES;
				CLANG_WARN_CONSTANT_CONVERSION = YES;
				CLANG_WARN_DIRECT_OBJC_ISA_USAGE = YES_ERROR;
				CLANG_WARN_EMPTY_BODY = YES;
				CLANG_WARN_ENUM_CONVERSION = YES;
				CLANG_WARN_INT_CONVERSION = YES;
				CLANG_WARN_OBJC_ROOT_CLASS = YES_ERROR;
				CLANG_WARN__DUPLICATE_METHOD_MATCH = YES;
				"CODE_SIGN_IDENTITY[sdk=iphoneos*]" = "iPhone Developer";
				COPY_PHASE_STRIP = NO;
				GCC_C_LANGUAGE_STANDARD = gnu99;
				GCC_DYNAMIC_NO_PIC = NO;
				GCC_OPTIMIZATION_LEVEL = 0;
				GCC_PREPROCESSOR_DEFINITIONS = (
					"DEBUG=1",
					"$(inherited)",
				);
				GCC_SYMBOLS_PRIVATE_EXTERN = NO;
				GCC_WARN_64_TO_32_BIT_CONVERSION = YES;
				GCC_WARN_ABOUT_RETURN_TYPE = YES_ERROR;
				GCC_WARN_UNDECLARED_SELECTOR = YES;
				GCC_WARN_UNINITIALIZED_AUTOS = YES_AGGRESSIVE;
				GCC_WARN_UNUSED_FUNCTION = YES;
				GCC_WARN_UNUSED_VARIABLE = YES;
				IPHONEOS_DEPLOYMENT_TARGET = 7.1;
				ONLY_ACTIVE_ARCH = YES;
				SDKROOT = iphoneos;
			};
			name = Debug;
		};
		263908EC19961B1F0051AC6C /* Release */ = {
			isa = XCBuildConfiguration;
			buildSettings = {
				ALWAYS_SEARCH_USER_PATHS = NO;
				CLANG_CXX_LANGUAGE_STANDARD = "gnu++0x";
				CLANG_CXX_LIBRARY = "libc++";
				CLANG_ENABLE_MODULES = YES;
				CLANG_ENABLE_OBJC_ARC = YES;
				CLANG_WARN_BOOL_CONVERSION = YES;
				CLANG_WARN_CONSTANT_CONVERSION = YES;
				CLANG_WARN_DIRECT_OBJC_ISA_USAGE = YES_ERROR;
				CLANG_WARN_EMPTY_BODY = YES;
				CLANG_WARN_ENUM_CONVERSION = YES;
				CLANG_WARN_INT_CONVERSION = YES;
				CLANG_WARN_OBJC_ROOT_CLASS = YES_ERROR;
				CLANG_WARN__DUPLICATE_METHOD_MATCH = YES;
				"CODE_SIGN_IDENTITY[sdk=iphoneos*]" = "iPhone Developer";
				COPY_PHASE_STRIP = YES;
				ENABLE_NS_ASSERTIONS = NO;
				GCC_C_LANGUAGE_STANDARD = gnu99;
				GCC_WARN_64_TO_32_BIT_CONVERSION = YES;
				GCC_WARN_ABOUT_RETURN_TYPE = YES_ERROR;
				GCC_WARN_UNDECLARED_SELECTOR = YES;
				GCC_WARN_UNINITIALIZED_AUTOS = YES_AGGRESSIVE;
				GCC_WARN_UNUSED_FUNCTION = YES;
				GCC_WARN_UNUSED_VARIABLE = YES;
				IPHONEOS_DEPLOYMENT_TARGET = 7.1;
				SDKROOT = iphoneos;
				VALIDATE_PRODUCT = YES;
			};
			name = Release;
		};
		263908EE19961B1F0051AC6C /* Debug */ = {
			isa = XCBuildConfiguration;
			buildSettings = {
				ASSETCATALOG_COMPILER_APPICON_NAME = AppIcon;
				ASSETCATALOG_COMPILER_LAUNCHIMAGE_NAME = LaunchImage;
				GCC_PRECOMPILE_PREFIX_HEADER = YES;
				GCC_PREFIX_HEADER = "makeCollage/makeCollage-Prefix.pch";
				INFOPLIST_FILE = "makeCollage/makeCollage-Info.plist";
				PRODUCT_NAME = "$(TARGET_NAME)";
				WRAPPER_EXTENSION = app;
			};
			name = Debug;
		};
		263908EF19961B1F0051AC6C /* Release */ = {
			isa = XCBuildConfiguration;
			buildSettings = {
				ASSETCATALOG_COMPILER_APPICON_NAME = AppIcon;
				ASSETCATALOG_COMPILER_LAUNCHIMAGE_NAME = LaunchImage;
				GCC_PRECOMPILE_PREFIX_HEADER = YES;
				GCC_PREFIX_HEADER = "makeCollage/makeCollage-Prefix.pch";
				INFOPLIST_FILE = "makeCollage/makeCollage-Info.plist";
				PRODUCT_NAME = "$(TARGET_NAME)";
				WRAPPER_EXTENSION = app;
			};
			name = Release;
		};
		263908F119961B1F0051AC6C /* Debug */ = {
			isa = XCBuildConfiguration;
			buildSettings = {
				BUNDLE_LOADER = "$(BUILT_PRODUCTS_DIR)/makeCollage.app/makeCollage";
				FRAMEWORK_SEARCH_PATHS = (
					"$(SDKROOT)/Developer/Library/Frameworks",
					"$(inherited)",
					"$(DEVELOPER_FRAMEWORKS_DIR)",
				);
				GCC_PRECOMPILE_PREFIX_HEADER = YES;
				GCC_PREFIX_HEADER = "makeCollage/makeCollage-Prefix.pch";
				GCC_PREPROCESSOR_DEFINITIONS = (
					"DEBUG=1",
					"$(inherited)",
				);
				INFOPLIST_FILE = "makeCollageTests/makeCollageTests-Info.plist";
				PRODUCT_NAME = "$(TARGET_NAME)";
				TEST_HOST = "$(BUNDLE_LOADER)";
				WRAPPER_EXTENSION = xctest;
			};
			name = Debug;
		};
		263908F219961B1F0051AC6C /* Release */ = {
			isa = XCBuildConfiguration;
			buildSettings = {
				BUNDLE_LOADER = "$(BUILT_PRODUCTS_DIR)/makeCollage.app/makeCollage";
				FRAMEWORK_SEARCH_PATHS = (
					"$(SDKROOT)/Developer/Library/Frameworks",
					"$(inherited)",
					"$(DEVELOPER_FRAMEWORKS_DIR)",
				);
				GCC_PRECOMPILE_PREFIX_HEADER = YES;
				GCC_PREFIX_HEADER = "makeCollage/makeCollage-Prefix.pch";
				INFOPLIST_FILE = "makeCollageTests/makeCollageTests-Info.plist";
				PRODUCT_NAME = "$(TARGET_NAME)";
				TEST_HOST = "$(BUNDLE_LOADER)";
				WRAPPER_EXTENSION = xctest;
			};
			name = Release;
		};
/* End XCBuildConfiguration section */

/* Begin XCConfigurationList section */
		263908BC19961B1F0051AC6C /* Build configuration list for PBXProject "makeCollage" */ = {
			isa = XCConfigurationList;
			buildConfigurations = (
				263908EB19961B1F0051AC6C /* Debug */,
				263908EC19961B1F0051AC6C /* Release */,
			);
			defaultConfigurationIsVisible = 0;
			defaultConfigurationName = Release;
		};
		263908ED19961B1F0051AC6C /* Build configuration list for PBXNativeTarget "makeCollage" */ = {
			isa = XCConfigurationList;
			buildConfigurations = (
				263908EE19961B1F0051AC6C /* Debug */,
				263908EF19961B1F0051AC6C /* Release */,
			);
			defaultConfigurationIsVisible = 0;
			defaultConfigurationName = Release;
		};
		263908F019961B1F0051AC6C /* Build configuration list for PBXNativeTarget "makeCollageTests" */ = {
			isa = XCConfigurationList;
			buildConfigurations = (
				263908F119961B1F0051AC6C /* Debug */,
				263908F219961B1F0051AC6C /* Release */,
			);
			defaultConfigurationIsVisible = 0;
			defaultConfigurationName = Release;
		};
/* End XCConfigurationList section */
	};
	rootObject = 263908B919961B1F0051AC6C /* Project object */;
}
